// !$*UTF8*$!
{
	archiveVersion = 1;
	classes = {
	};
	objectVersion = 50;
	objects = {

/* Begin PBXBuildFile section */
		45481C5821236B6B000FA933 /* Item.swift in Sources */ = {isa = PBXBuildFile; fileRef = 45481C5721236B6A000FA933 /* Item.swift */; };
		454A0F8C2121D3D4008C8411 /* AppDelegate.swift in Sources */ = {isa = PBXBuildFile; fileRef = 454A0F8B2121D3D4008C8411 /* AppDelegate.swift */; };
		454A0F8E2121D3D4008C8411 /* ToDoListViewController.swift in Sources */ = {isa = PBXBuildFile; fileRef = 454A0F8D2121D3D4008C8411 /* ToDoListViewController.swift */; };
		454A0F912121D3D4008C8411 /* Main.storyboard in Resources */ = {isa = PBXBuildFile; fileRef = 454A0F8F2121D3D4008C8411 /* Main.storyboard */; };
		454A0F932121D3D7008C8411 /* Assets.xcassets in Resources */ = {isa = PBXBuildFile; fileRef = 454A0F922121D3D7008C8411 /* Assets.xcassets */; };
		454A0F962121D3D7008C8411 /* LaunchScreen.storyboard in Resources */ = {isa = PBXBuildFile; fileRef = 454A0F942121D3D7008C8411 /* LaunchScreen.storyboard */; };
/* End PBXBuildFile section */

/* Begin PBXFileReference section */
		45481C5721236B6A000FA933 /* Item.swift */ = {isa = PBXFileReference; lastKnownFileType = sourcecode.swift; path = Item.swift; sourceTree = "<group>"; };
		454A0F882121D3D4008C8411 /* Todom.app */ = {isa = PBXFileReference; explicitFileType = wrapper.application; includeInIndex = 0; path = Todom.app; sourceTree = BUILT_PRODUCTS_DIR; };
		454A0F8B2121D3D4008C8411 /* AppDelegate.swift */ = {isa = PBXFileReference; lastKnownFileType = sourcecode.swift; path = AppDelegate.swift; sourceTree = "<group>"; };
		454A0F8D2121D3D4008C8411 /* ToDoListViewController.swift */ = {isa = PBXFileReference; lastKnownFileType = sourcecode.swift; path = ToDoListViewController.swift; sourceTree = "<group>"; };
		454A0F902121D3D4008C8411 /* Base */ = {isa = PBXFileReference; lastKnownFileType = file.storyboard; name = Base; path = Base.lproj/Main.storyboard; sourceTree = "<group>"; };
		454A0F922121D3D7008C8411 /* Assets.xcassets */ = {isa = PBXFileReference; lastKnownFileType = folder.assetcatalog; path = Assets.xcassets; sourceTree = "<group>"; };
		454A0F952121D3D7008C8411 /* Base */ = {isa = PBXFileReference; lastKnownFileType = file.storyboard; name = Base; path = Base.lproj/LaunchScreen.storyboard; sourceTree = "<group>"; };
		454A0F972121D3D7008C8411 /* Info.plist */ = {isa = PBXFileReference; lastKnownFileType = text.plist.xml; path = Info.plist; sourceTree = "<group>"; };
/* End PBXFileReference section */

/* Begin PBXFrameworksBuildPhase section */
		454A0F852121D3D4008C8411 /* Frameworks */ = {
			isa = PBXFrameworksBuildPhase;
			buildActionMask = 2147483647;
			files = (
			);
			runOnlyForDeploymentPostprocessing = 0;
		};
/* End PBXFrameworksBuildPhase section */

/* Begin PBXGroup section */
		45481C5921236B7A000FA933 /* Data Model */ = {
			isa = PBXGroup;
			children = (
				45481C5721236B6A000FA933 /* Item.swift */,
			);
			name = "Data Model";
			path = "New Group";
			sourceTree = "<group>";
		};
		45481C5A21236B95000FA933 /* Views */ = {
			isa = PBXGroup;
			children = (
				454A0F8F2121D3D4008C8411 /* Main.storyboard */,
			);
			path = Views;
			sourceTree = "<group>";
		};
		45481C5B21236BA1000FA933 /* Controllers */ = {
			isa = PBXGroup;
			children = (
				454A0F8D2121D3D4008C8411 /* ToDoListViewController.swift */,
			);
			path = Controllers;
			sourceTree = "<group>";
		};
		45481C5C21236BC4000FA933 /* Supporting Files */ = {
			isa = PBXGroup;
			children = (
				454A0F922121D3D7008C8411 /* Assets.xcassets */,
				454A0F942121D3D7008C8411 /* LaunchScreen.storyboard */,
			);
			path = "Supporting Files";
			sourceTree = "<group>";
		};
		454A0F7F2121D3D4008C8411 = {
			isa = PBXGroup;
			children = (
				454A0F8A2121D3D4008C8411 /* Todom */,
				454A0F892121D3D4008C8411 /* Products */,
			);
			sourceTree = "<group>";
		};
		454A0F892121D3D4008C8411 /* Products */ = {
			isa = PBXGroup;
			children = (
				454A0F882121D3D4008C8411 /* Todom.app */,
			);
			name = Products;
			sourceTree = "<group>";
		};
		454A0F8A2121D3D4008C8411 /* Todom */ = {
			isa = PBXGroup;
			children = (
				45481C5B21236BA1000FA933 /* Controllers */,
				45481C5A21236B95000FA933 /* Views */,
				45481C5921236B7A000FA933 /* Data Model */,
				454A0F8B2121D3D4008C8411 /* AppDelegate.swift */,
				45481C5C21236BC4000FA933 /* Supporting Files */,
				454A0F972121D3D7008C8411 /* Info.plist */,
			);
			path = Todom;
			sourceTree = "<group>";
		};
/* End PBXGroup section */

/* Begin PBXNativeTarget section */
		454A0F872121D3D4008C8411 /* Todom */ = {
			isa = PBXNativeTarget;
			buildConfigurationList = 454A0F9A2121D3D7008C8411 /* Build configuration list for PBXNativeTarget "Todom" */;
			buildPhases = (
				454A0F842121D3D4008C8411 /* Sources */,
				454A0F852121D3D4008C8411 /* Frameworks */,
				454A0F862121D3D4008C8411 /* Resources */,
			);
			buildRules = (
			);
			dependencies = (
			);
			name = Todom;
			productName = Todom;
			productReference = 454A0F882121D3D4008C8411 /* Todom.app */;
			productType = "com.apple.product-type.application";
		};
/* End PBXNativeTarget section */

/* Begin PBXProject section */
		454A0F802121D3D4008C8411 /* Project object */ = {
			isa = PBXProject;
			attributes = {
				LastSwiftUpdateCheck = 0940;
				LastUpgradeCheck = 0940;
				ORGANIZATIONNAME = "Murat Cagri Koc";
				TargetAttributes = {
					454A0F872121D3D4008C8411 = {
						CreatedOnToolsVersion = 9.4.1;
					};
				};
			};
			buildConfigurationList = 454A0F832121D3D4008C8411 /* Build configuration list for PBXProject "Todom" */;
			compatibilityVersion = "Xcode 9.3";
			developmentRegion = en;
			hasScannedForEncodings = 0;
			knownRegions = (
				en,
				Base,
			);
			mainGroup = 454A0F7F2121D3D4008C8411;
			productRefGroup = 454A0F892121D3D4008C8411 /* Products */;
			projectDirPath = "";
			projectRoot = "";
			targets = (
				454A0F872121D3D4008C8411 /* Todom */,
			);
		};
/* End PBXProject section */

/* Begin PBXResourcesBuildPhase section */
		454A0F862121D3D4008C8411 /* Resources */ = {
			isa = PBXResourcesBuildPhase;
			buildActionMask = 2147483647;
			files = (
				454A0F962121D3D7008C8411 /* LaunchScreen.storyboard in Resources */,
				454A0F932121D3D7008C8411 /* Assets.xcassets in Resources */,
				454A0F912121D3D4008C8411 /* Main.storyboard in Resources */,
			);
			runOnlyForDeploymentPostprocessing = 0;
		};
/* End PBXResourcesBuildPhase section */

/* Begin PBXSourcesBuildPhase section */
		454A0F842121D3D4008C8411 /* Sources */ = {
			isa = PBXSourcesBuildPhase;
			buildActionMask = 2147483647;
			files = (
				454A0F8E2121D3D4008C8411 /* ToDoListViewController.swift in Sources */,
				45481C5821236B6B000FA933 /* Item.swift in Sources */,
				454A0F8C2121D3D4008C8411 /* AppDelegate.swift in Sources */,
			);
			runOnlyForDeploymentPostprocessing = 0;
		};
/* End PBXSourcesBuildPhase section */

/* Begin PBXVariantGroup section */
		454A0F8F2121D3D4008C8411 /* Main.storyboard */ = {
			isa = PBXVariantGroup;
			children = (
				454A0F902121D3D4008C8411 /* Base */,
			);
			name = Main.storyboard;
			sourceTree = "<group>";
		};
		454A0F942121D3D7008C8411 /* LaunchScreen.storyboard */ = {
			isa = PBXVariantGroup;
			children = (
				454A0F952121D3D7008C8411 /* Base */,
			);
			name = LaunchScreen.storyboard;
			sourceTree = "<group>";
		};
/* End PBXVariantGroup section */

/* Begin XCBuildConfiguration section */
		454A0F982121D3D7008C8411 /* Debug */ = {
			isa = XCBuildConfiguration;
			buildSettings = {
				ALWAYS_SEARCH_USER_PATHS = NO;
				CLANG_ANALYZER_NONNULL = YES;
				CLANG_ANALYZER_NUMBER_OBJECT_CONVERSION = YES_AGGRESSIVE;
				CLANG_CXX_LANGUAGE_STANDARD = "gnu++14";
				CLANG_CXX_LIBRARY = "libc++";
				CLANG_ENABLE_MODULES = YES;
				CLANG_ENABLE_OBJC_ARC = YES;
				CLANG_ENABLE_OBJC_WEAK = YES;
				CLANG_WARN_BLOCK_CAPTURE_AUTORELEASING = YES;
				CLANG_WARN_BOOL_CONVERSION = YES;
				CLANG_WARN_COMMA = YES;
				CLANG_WARN_CONSTANT_CONVERSION = YES;
				CLANG_WARN_DEPRECATED_OBJC_IMPLEMENTATIONS = YES;
				CLANG_WARN_DIRECT_OBJC_ISA_USAGE = YES_ERROR;
				CLANG_WARN_DOCUMENTATION_COMMENTS = YES;
				CLANG_WARN_EMPTY_BODY = YES;
				CLANG_WARN_ENUM_CONVERSION = YES;
				CLANG_WARN_INFINITE_RECURSION = YES;
				CLANG_WARN_INT_CONVERSION = YES;
				CLANG_WARN_NON_LITERAL_NULL_CONVERSION = YES;
				CLANG_WARN_OBJC_IMPLICIT_RETAIN_SELF = YES;
				CLANG_WARN_OBJC_LITERAL_CONVERSION = YES;
				CLANG_WARN_OBJC_ROOT_CLASS = YES_ERROR;
				CLANG_WARN_RANGE_LOOP_ANALYSIS = YES;
				CLANG_WARN_STRICT_PROTOTYPES = YES;
				CLANG_WARN_SUSPICIOUS_MOVE = YES;
				CLANG_WARN_UNGUARDED_AVAILABILITY = YES_AGGRESSIVE;
				CLANG_WARN_UNREACHABLE_CODE = YES;
				CLANG_WARN__DUPLICATE_METHOD_MATCH = YES;
				CODE_SIGN_IDENTITY = "iPhone Developer";
				COPY_PHASE_STRIP = NO;
				DEBUG_INFORMATION_FORMAT = dwarf;
				ENABLE_STRICT_OBJC_MSGSEND = YES;
				ENABLE_TESTABILITY = YES;
				GCC_C_LANGUAGE_STANDARD = gnu11;
				GCC_DYNAMIC_NO_PIC = NO;
				GCC_NO_COMMON_BLOCKS = YES;
				GCC_OPTIMIZATION_LEVEL = 0;
				GCC_PREPROCESSOR_DEFINITIONS = (
					"DEBUG=1",
					"$(inherited)",
				);
				GCC_WARN_64_TO_32_BIT_CONVERSION = YES;
				GCC_WARN_ABOUT_RETURN_TYPE = YES_ERROR;
				GCC_WARN_UNDECLARED_SELECTOR = YES;
				GCC_WARN_UNINITIALIZED_AUTOS = YES_AGGRESSIVE;
				GCC_WARN_UNUSED_FUNCTION = YES;
				GCC_WARN_UNUSED_VARIABLE = YES;
				IPHONEOS_DEPLOYMENT_TARGET = 11.4;
				MTL_ENABLE_DEBUG_INFO = YES;
				ONLY_ACTIVE_ARCH = YES;
				SDKROOT = iphoneos;
				SWIFT_ACTIVE_COMPILATION_CONDITIONS = DEBUG;
				SWIFT_OPTIMIZATION_LEVEL = "-Onone";
			};
			name = Debug;
		};
		454A0F992121D3D7008C8411 /* Release */ = {
			isa = XCBuildConfiguration;
			buildSettings = {
				ALWAYS_SEARCH_USER_PATHS = NO;
				CLANG_ANALYZER_NONNULL = YES;
				CLANG_ANALYZER_NUMBER_OBJECT_CONVERSION = YES_AGGRESSIVE;
				CLANG_CXX_LANGUAGE_STANDARD = "gnu++14";
				CLANG_CXX_LIBRARY = "libc++";
				CLANG_ENABLE_MODULES = YES;
				CLANG_ENABLE_OBJC_ARC = YES;
				CLANG_ENABLE_OBJC_WEAK = YES;
				CLANG_WARN_BLOCK_CAPTURE_AUTORELEASING = YES;
				CLANG_WARN_BOOL_CONVERSION = YES;
				CLANG_WARN_COMMA = YES;
				CLANG_WARN_CONSTANT_CONVERSION = YES;
				CLANG_WARN_DEPRECATED_OBJC_IMPLEMENTATIONS = YES;
				CLANG_WARN_DIRECT_OBJC_ISA_USAGE = YES_ERROR;
				CLANG_WARN_DOCUMENTATION_COMMENTS = YES;
				CLANG_WARN_EMPTY_BODY = YES;
				CLANG_WARN_ENUM_CONVERSION = YES;
				CLANG_WARN_INFINITE_RECURSION = YES;
				CLANG_WARN_INT_CONVERSION = YES;
				CLANG_WARN_NON_LITERAL_NULL_CONVERSION = YES;
				CLANG_WARN_OBJC_IMPLICIT_RETAIN_SELF = YES;
				CLANG_WARN_OBJC_LITERAL_CONVERSION = YES;
				CLANG_WARN_OBJC_ROOT_CLASS = YES_ERROR;
				CLANG_WARN_RANGE_LOOP_ANALYSIS = YES;
				CLANG_WARN_STRICT_PROTOTYPES = YES;
				CLANG_WARN_SUSPICIOUS_MOVE = YES;
				CLANG_WARN_UNGUARDED_AVAILABILITY = YES_AGGRESSIVE;
				CLANG_WARN_UNREACHABLE_CODE = YES;
				CLANG_WARN__DUPLICATE_METHOD_MATCH = YES;
				CODE_SIGN_IDENTITY = "iPhone Developer";
				COPY_PHASE_STRIP = NO;
				DEBUG_INFORMATION_FORMAT = "dwarf-with-dsym";
				ENABLE_NS_ASSERTIONS = NO;
				ENABLE_STRICT_OBJC_MSGSEND = YES;
				GCC_C_LANGUAGE_STANDARD = gnu11;
				GCC_NO_COMMON_BLOCKS = YES;
				GCC_WARN_64_TO_32_BIT_CONVERSION = YES;
				GCC_WARN_ABOUT_RETURN_TYPE = YES_ERROR;
				GCC_WARN_UNDECLARED_SELECTOR = YES;
				GCC_WARN_UNINITIALIZED_AUTOS = YES_AGGRESSIVE;
				GCC_WARN_UNUSED_FUNCTION = YES;
				GCC_WARN_UNUSED_VARIABLE = YES;
				IPHONEOS_DEPLOYMENT_TARGET = 11.4;
				MTL_ENABLE_DEBUG_INFO = NO;
				SDKROOT = iphoneos;
				SWIFT_COMPILATION_MODE = wholemodule;
				SWIFT_OPTIMIZATION_LEVEL = "-O";
				VALIDATE_PRODUCT = YES;
			};
			name = Release;
		};
		454A0F9B2121D3D7008C8411 /* Debug */ = {
			isa = XCBuildConfiguration;
			buildSettings = {
				ASSETCATALOG_COMPILER_APPICON_NAME = AppIcon;
				CODE_SIGN_STYLE = Automatic;
				DEVELOPMENT_TEAM = 3DNK34QHHJ;
				INFOPLIST_FILE = Todom/Info.plist;
				LD_RUNPATH_SEARCH_PATHS = (
					"$(inherited)",
					"@executable_path/Frameworks",
				);
				PRODUCT_BUNDLE_IDENTIFIER = com.koclabs.Todom;
				PRODUCT_NAME = "$(TARGET_NAME)";
				SWIFT_VERSION = 4.0;
				TARGETED_DEVICE_FAMILY = "1,2";
			};
			name = Debug;
		};
		454A0F9C2121D3D7008C8411 /* Release */ = {
			isa = XCBuildConfiguration;
			buildSettings = {
				ASSETCATALOG_COMPILER_APPICON_NAME = AppIcon;
				CODE_SIGN_STYLE = Automatic;
				DEVELOPMENT_TEAM = 3DNK34QHHJ;
				INFOPLIST_FILE = Todom/Info.plist;
				LD_RUNPATH_SEARCH_PATHS = (
					"$(inherited)",
					"@executable_path/Frameworks",
				);
				PRODUCT_BUNDLE_IDENTIFIER = com.koclabs.Todom;
				PRODUCT_NAME = "$(TARGET_NAME)";
				SWIFT_VERSION = 4.0;
				TARGETED_DEVICE_FAMILY = "1,2";
			};
			name = Release;
		};
/* End XCBuildConfiguration section */

/* Begin XCConfigurationList section */
		454A0F832121D3D4008C8411 /* Build configuration list for PBXProject "Todom" */ = {
			isa = XCConfigurationList;
			buildConfigurations = (
				454A0F982121D3D7008C8411 /* Debug */,
				454A0F992121D3D7008C8411 /* Release */,
			);
			defaultConfigurationIsVisible = 0;
			defaultConfigurationName = Release;
		};
		454A0F9A2121D3D7008C8411 /* Build configuration list for PBXNativeTarget "Todom" */ = {
			isa = XCConfigurationList;
			buildConfigurations = (
				454A0F9B2121D3D7008C8411 /* Debug */,
				454A0F9C2121D3D7008C8411 /* Release */,
			);
			defaultConfigurationIsVisible = 0;
			defaultConfigurationName = Release;
		};
/* End XCConfigurationList section */
	};
	rootObject = 454A0F802121D3D4008C8411 /* Project object */;
}
